
Microsoft Visual Studio Solution File, Format Version 12.00
# Visual Studio Version 18
VisualStudioVersion = 18.0.0.0
MinimumVisualStudioVersion = 10.0.40219.1
Project("{FAE04EC0-301F-11D3-BF4B-00C04F79EFBC}") = "Alerting.Domain", "src/Alerting.Domain/Alerting.Domain.csproj", "{11111111-1111-1111-1111-111111111111}"
EndProject
Project("{FAE04EC0-301F-11D3-BF4B-00C04F79EFBC}") = "Alerting.Infrastructure", "src/Alerting.Infrastructure/Alerting.Infrastructure.csproj", "{22222222-2222-2222-2222-222222222222}"
EndProject
Project("{FAE04EC0-301F-11D3-BF4B-00C04F79EFBC}") = "Alerting.Api", "src/Alerting.Api/Alerting.Api.csproj", "{33333333-3333-3333-3333-333333333333}"
EndProject
Project("{2150E333-8FDC-42A3-9474-1A3956D46DE8}") = "tests", "tests", "{0AB3BF05-4346-4AA6-1389-037BE0695223}"
EndProject
Project("{FAE04EC0-301F-11D3-BF4B-00C04F79EFBC}") = "Alerting.Api.Tests", "tests\Alerting.Api.Tests\Alerting.Api.Tests.csproj", "{DA27AF7F-02CD-4A9C-B1A0-01CE78223557}"
EndProject
Project("{2150E333-8FDC-42A3-9474-1A3956D46DE8}") = "src", "src", "{827E0CD3-B72D-47B6-A68D-7590B98EB39B}"
EndProject
Project("{FAE04EC0-301F-11D3-BF4B-00C04F79EFBC}") = "Alerting.Api", "src\Alerting.Api\Alerting.Api.csproj", "{1955243E-D523-4910-B161-04007EA6131D}"
EndProject
Project("{FAE04EC0-301F-11D3-BF4B-00C04F79EFBC}") = "Alerting.Domain", "src\Alerting.Domain\Alerting.Domain.csproj", "{3018F88A-80C1-40C6-B2E5-508EB43FBC87}"
EndProject
Project("{FAE04EC0-301F-11D3-BF4B-00C04F79EFBC}") = "Alerting.Infrastructure", "src\Alerting.Infrastructure\Alerting.Infrastructure.csproj", "{F0E41921-0A02-404D-99D6-79A98CCE7BCE}"
EndProject
Global
	GlobalSection(SolutionConfigurationPlatforms) = preSolution
		Debug|Any CPU = Debug|Any CPU
		Debug|x64 = Debug|x64
		Debug|x86 = Debug|x86
		Release|Any CPU = Release|Any CPU
		Release|x64 = Release|x64
		Release|x86 = Release|x86
	EndGlobalSection
	GlobalSection(ProjectConfigurationPlatforms) = postSolution
		{11111111-1111-1111-1111-111111111111}.Debug|Any CPU.ActiveCfg = Debug|Any CPU
		{11111111-1111-1111-1111-111111111111}.Debug|Any CPU.Build.0 = Debug|Any CPU
		{11111111-1111-1111-1111-111111111111}.Debug|x64.ActiveCfg = Debug|Any CPU
		{11111111-1111-1111-1111-111111111111}.Debug|x64.Build.0 = Debug|Any CPU
		{11111111-1111-1111-1111-111111111111}.Debug|x86.ActiveCfg = Debug|Any CPU
		{11111111-1111-1111-1111-111111111111}.Debug|x86.Build.0 = Debug|Any CPU
		{11111111-1111-1111-1111-111111111111}.Release|Any CPU.ActiveCfg = Release|Any CPU
		{11111111-1111-1111-1111-111111111111}.Release|Any CPU.Build.0 = Release|Any CPU
		{11111111-1111-1111-1111-111111111111}.Release|x64.ActiveCfg = Release|Any CPU
		{11111111-1111-1111-1111-111111111111}.Release|x64.Build.0 = Release|Any CPU
		{11111111-1111-1111-1111-111111111111}.Release|x86.ActiveCfg = Release|Any CPU
		{11111111-1111-1111-1111-111111111111}.Release|x86.Build.0 = Release|Any CPU
		{22222222-2222-2222-2222-222222222222}.Debug|Any CPU.ActiveCfg = Debug|Any CPU
		{22222222-2222-2222-2222-222222222222}.Debug|Any CPU.Build.0 = Debug|Any CPU
		{22222222-2222-2222-2222-222222222222}.Debug|x64.ActiveCfg = Debug|Any CPU
		{22222222-2222-2222-2222-222222222222}.Debug|x64.Build.0 = Debug|Any CPU
		{22222222-2222-2222-2222-222222222222}.Debug|x86.ActiveCfg = Debug|Any CPU
		{22222222-2222-2222-2222-222222222222}.Debug|x86.Build.0 = Debug|Any CPU
		{22222222-2222-2222-2222-222222222222}.Release|Any CPU.ActiveCfg = Release|Any CPU
		{22222222-2222-2222-2222-222222222222}.Release|Any CPU.Build.0 = Release|Any CPU
		{22222222-2222-2222-2222-222222222222}.Release|x64.ActiveCfg = Release|Any CPU
		{22222222-2222-2222-2222-222222222222}.Release|x64.Build.0 = Release|Any CPU
		{22222222-2222-2222-2222-222222222222}.Release|x86.ActiveCfg = Release|Any CPU
		{22222222-2222-2222-2222-222222222222}.Release|x86.Build.0 = Release|Any CPU
		{33333333-3333-3333-3333-333333333333}.Debug|Any CPU.ActiveCfg = Debug|Any CPU
		{33333333-3333-3333-3333-333333333333}.Debug|Any CPU.Build.0 = Debug|Any CPU
		{33333333-3333-3333-3333-333333333333}.Debug|x64.ActiveCfg = Debug|Any CPU
		{33333333-3333-3333-3333-333333333333}.Debug|x64.Build.0 = Debug|Any CPU
		{33333333-3333-3333-3333-333333333333}.Debug|x86.ActiveCfg = Debug|Any CPU
		{33333333-3333-3333-3333-333333333333}.Debug|x86.Build.0 = Debug|Any CPU
		{33333333-3333-3333-3333-333333333333}.Release|Any CPU.ActiveCfg = Release|Any CPU
		{33333333-3333-3333-3333-333333333333}.Release|Any CPU.Build.0 = Release|Any CPU
		{33333333-3333-3333-3333-333333333333}.Release|x64.ActiveCfg = Release|Any CPU
		{33333333-3333-3333-3333-333333333333}.Release|x64.Build.0 = Release|Any CPU
		{33333333-3333-3333-3333-333333333333}.Release|x86.ActiveCfg = Release|Any CPU
		{33333333-3333-3333-3333-333333333333}.Release|x86.Build.0 = Release|Any CPU
		{DA27AF7F-02CD-4A9C-B1A0-01CE78223557}.Debug|Any CPU.ActiveCfg = Debug|Any CPU
		{DA27AF7F-02CD-4A9C-B1A0-01CE78223557}.Debug|Any CPU.Build.0 = Debug|Any CPU
		{DA27AF7F-02CD-4A9C-B1A0-01CE78223557}.Debug|x64.ActiveCfg = Debug|Any CPU
		{DA27AF7F-02CD-4A9C-B1A0-01CE78223557}.Debug|x64.Build.0 = Debug|Any CPU
		{DA27AF7F-02CD-4A9C-B1A0-01CE78223557}.Debug|x86.ActiveCfg = Debug|Any CPU
		{DA27AF7F-02CD-4A9C-B1A0-01CE78223557}.Debug|x86.Build.0 = Debug|Any CPU
		{DA27AF7F-02CD-4A9C-B1A0-01CE78223557}.Release|Any CPU.ActiveCfg = Release|Any CPU
		{DA27AF7F-02CD-4A9C-B1A0-01CE78223557}.Release|Any CPU.Build.0 = Release|Any CPU
		{DA27AF7F-02CD-4A9C-B1A0-01CE78223557}.Release|x64.ActiveCfg = Release|Any CPU
		{DA27AF7F-02CD-4A9C-B1A0-01CE78223557}.Release|x64.Build.0 = Release|Any CPU
		{DA27AF7F-02CD-4A9C-B1A0-01CE78223557}.Release|x86.ActiveCfg = Release|Any CPU
		{DA27AF7F-02CD-4A9C-B1A0-01CE78223557}.Release|x86.Build.0 = Release|Any CPU
		{1955243E-D523-4910-B161-04007EA6131D}.Debug|Any CPU.ActiveCfg = Debug|Any CPU
		{1955243E-D523-4910-B161-04007EA6131D}.Debug|Any CPU.Build.0 = Debug|Any CPU
		{1955243E-D523-4910-B161-04007EA6131D}.Debug|x64.ActiveCfg = Debug|Any CPU
		{1955243E-D523-4910-B161-04007EA6131D}.Debug|x64.Build.0 = Debug|Any CPU
		{1955243E-D523-4910-B161-04007EA6131D}.Debug|x86.ActiveCfg = Debug|Any CPU
		{1955243E-D523-4910-B161-04007EA6131D}.Debug|x86.Build.0 = Debug|Any CPU
		{1955243E-D523-4910-B161-04007EA6131D}.Release|Any CPU.ActiveCfg = Release|Any CPU
		{1955243E-D523-4910-B161-04007EA6131D}.Release|Any CPU.Build.0 = Release|Any CPU
		{1955243E-D523-4910-B161-04007EA6131D}.Release|x64.ActiveCfg = Release|Any CPU
		{1955243E-D523-4910-B161-04007EA6131D}.Release|x64.Build.0 = Release|Any CPU
		{1955243E-D523-4910-B161-04007EA6131D}.Release|x86.ActiveCfg = Release|Any CPU
		{1955243E-D523-4910-B161-04007EA6131D}.Release|x86.Build.0 = Release|Any CPU
		{3018F88A-80C1-40C6-B2E5-508EB43FBC87}.Debug|Any CPU.ActiveCfg = Debug|Any CPU
		{3018F88A-80C1-40C6-B2E5-508EB43FBC87}.Debug|Any CPU.Build.0 = Debug|Any CPU
		{3018F88A-80C1-40C6-B2E5-508EB43FBC87}.Debug|x64.ActiveCfg = Debug|Any CPU
		{3018F88A-80C1-40C6-B2E5-508EB43FBC87}.Debug|x64.Build.0 = Debug|Any CPU
		{3018F88A-80C1-40C6-B2E5-508EB43FBC87}.Debug|x86.ActiveCfg = Debug|Any CPU
		{3018F88A-80C1-40C6-B2E5-508EB43FBC87}.Debug|x86.Build.0 = Debug|Any CPU
		{3018F88A-80C1-40C6-B2E5-508EB43FBC87}.Release|Any CPU.ActiveCfg = Release|Any CPU
		{3018F88A-80C1-40C6-B2E5-508EB43FBC87}.Release|Any CPU.Build.0 = Release|Any CPU
		{3018F88A-80C1-40C6-B2E5-508EB43FBC87}.Release|x64.ActiveCfg = Release|Any CPU
		{3018F88A-80C1-40C6-B2E5-508EB43FBC87}.Release|x64.Build.0 = Release|Any CPU
		{3018F88A-80C1-40C6-B2E5-508EB43FBC87}.Release|x86.ActiveCfg = Release|Any CPU
		{3018F88A-80C1-40C6-B2E5-508EB43FBC87}.Release|x86.Build.0 = Release|Any CPU
		{F0E41921-0A02-404D-99D6-79A98CCE7BCE}.Debug|Any CPU.ActiveCfg = Debug|Any CPU
		{F0E41921-0A02-404D-99D6-79A98CCE7BCE}.Debug|Any CPU.Build.0 = Debug|Any CPU
		{F0E41921-0A02-404D-99D6-79A98CCE7BCE}.Debug|x64.ActiveCfg = Debug|Any CPU
		{F0E41921-0A02-404D-99D6-79A98CCE7BCE}.Debug|x64.Build.0 = Debug|Any CPU
		{F0E41921-0A02-404D-99D6-79A98CCE7BCE}.Debug|x86.ActiveCfg = Debug|Any CPU
		{F0E41921-0A02-404D-99D6-79A98CCE7BCE}.Debug|x86.Build.0 = Debug|Any CPU
		{F0E41921-0A02-404D-99D6-79A98CCE7BCE}.Release|Any CPU.ActiveCfg = Release|Any CPU
		{F0E41921-0A02-404D-99D6-79A98CCE7BCE}.Release|Any CPU.Build.0 = Release|Any CPU
		{F0E41921-0A02-404D-99D6-79A98CCE7BCE}.Release|x64.ActiveCfg = Release|Any CPU
		{F0E41921-0A02-404D-99D6-79A98CCE7BCE}.Release|x64.Build.0 = Release|Any CPU
		{F0E41921-0A02-404D-99D6-79A98CCE7BCE}.Release|x86.ActiveCfg = Release|Any CPU
		{F0E41921-0A02-404D-99D6-79A98CCE7BCE}.Release|x86.Build.0 = Release|Any CPU
	EndGlobalSection
	GlobalSection(SolutionProperties) = preSolution
		HideSolutionNode = FALSE
	EndGlobalSection
	GlobalSection(NestedProjects) = preSolution
		{DA27AF7F-02CD-4A9C-B1A0-01CE78223557} = {0AB3BF05-4346-4AA6-1389-037BE0695223}
		{1955243E-D523-4910-B161-04007EA6131D} = {827E0CD3-B72D-47B6-A68D-7590B98EB39B}
		{3018F88A-80C1-40C6-B2E5-508EB43FBC87} = {827E0CD3-B72D-47B6-A68D-7590B98EB39B}
		{F0E41921-0A02-404D-99D6-79A98CCE7BCE} = {827E0CD3-B72D-47B6-A68D-7590B98EB39B}
	EndGlobalSection
EndGlobal
